
Microsoft Visual Studio Solution File, Format Version 12.00
# Visual Studio Express 2012 for Windows Phone
Project("{FAE04EC0-301F-11D3-BF4B-00C04F79EFBC}") = "PhoneApp", "PhoneApp.csproj", "{8E9F3BBF-DB1D-478F-8341-DB0D1767FD8D}"
EndProject
Project("{FAE04EC0-301F-11D3-BF4B-00C04F79EFBC}") = "KzSoDiscovery", "..\modules\KzSoDiscovery\Project\KzSoDiscovery.csproj", "{D00C8BED-9BE9-47FF-BB28-80FDC7227CC6}"
EndProject
Project("{FAE04EC0-301F-11D3-BF4B-00C04F79EFBC}") = "KzLiveview", "..\modules\KzLiveview\Project\KzLiveview.csproj", "{7F6C5A7D-9B6F-4F8D-8079-F6B3422B2ED6}"
EndProject
Project("{2150E333-8FDC-42A3-9474-1A3956D46DE8}") = ".nuget", ".nuget", "{A67E8803-81EC-45AA-8C5F-F7BFCD4CE5F4}"
	ProjectSection(SolutionItems) = preProject
		.nuget\NuGet.Config = .nuget\NuGet.Config
		.nuget\NuGet.exe = .nuget\NuGet.exe
		.nuget\NuGet.targets = .nuget\NuGet.targets
	EndProjectSection
EndProject
Project("{FAE04EC0-301F-11D3-BF4B-00C04F79EFBC}") = "KzRemoteApi", "..\modules\KzRemoteApi\Project\KzRemoteApi.csproj", "{C73325D8-3CBB-4D76-80A4-BCFC1A63263A}"
EndProject
Project("{FAE04EC0-301F-11D3-BF4B-00C04F79EFBC}") = "NtNfcLib", "..\NtNfcLib\NtNfcLib\NtNfcLib.csproj", "{536E35B7-F3FF-4ABA-8C78-86E39E6C0B36}"
EndProject
Global
	GlobalSection(SolutionConfigurationPlatforms) = preSolution
		Debug|Any CPU = Debug|Any CPU
		Debug|ARM = Debug|ARM
		Debug|x86 = Debug|x86
		Release|Any CPU = Release|Any CPU
		Release|ARM = Release|ARM
		Release|x86 = Release|x86
	EndGlobalSection
	GlobalSection(ProjectConfigurationPlatforms) = postSolution
		{8E9F3BBF-DB1D-478F-8341-DB0D1767FD8D}.Debug|Any CPU.ActiveCfg = Debug|Any CPU
		{8E9F3BBF-DB1D-478F-8341-DB0D1767FD8D}.Debug|Any CPU.Build.0 = Debug|Any CPU
		{8E9F3BBF-DB1D-478F-8341-DB0D1767FD8D}.Debug|Any CPU.Deploy.0 = Debug|Any CPU
		{8E9F3BBF-DB1D-478F-8341-DB0D1767FD8D}.Debug|ARM.ActiveCfg = Debug|ARM
		{8E9F3BBF-DB1D-478F-8341-DB0D1767FD8D}.Debug|ARM.Build.0 = Debug|ARM
		{8E9F3BBF-DB1D-478F-8341-DB0D1767FD8D}.Debug|ARM.Deploy.0 = Debug|ARM
		{8E9F3BBF-DB1D-478F-8341-DB0D1767FD8D}.Debug|x86.ActiveCfg = Debug|x86
		{8E9F3BBF-DB1D-478F-8341-DB0D1767FD8D}.Debug|x86.Build.0 = Debug|x86
		{8E9F3BBF-DB1D-478F-8341-DB0D1767FD8D}.Debug|x86.Deploy.0 = Debug|x86
		{8E9F3BBF-DB1D-478F-8341-DB0D1767FD8D}.Release|Any CPU.ActiveCfg = Release|Any CPU
		{8E9F3BBF-DB1D-478F-8341-DB0D1767FD8D}.Release|Any CPU.Build.0 = Release|Any CPU
		{8E9F3BBF-DB1D-478F-8341-DB0D1767FD8D}.Release|Any CPU.Deploy.0 = Release|Any CPU
		{8E9F3BBF-DB1D-478F-8341-DB0D1767FD8D}.Release|ARM.ActiveCfg = Release|ARM
		{8E9F3BBF-DB1D-478F-8341-DB0D1767FD8D}.Release|ARM.Build.0 = Release|ARM
		{8E9F3BBF-DB1D-478F-8341-DB0D1767FD8D}.Release|ARM.Deploy.0 = Release|ARM
		{8E9F3BBF-DB1D-478F-8341-DB0D1767FD8D}.Release|x86.ActiveCfg = Release|x86
		{8E9F3BBF-DB1D-478F-8341-DB0D1767FD8D}.Release|x86.Build.0 = Release|x86
		{8E9F3BBF-DB1D-478F-8341-DB0D1767FD8D}.Release|x86.Deploy.0 = Release|x86
		{D00C8BED-9BE9-47FF-BB28-80FDC7227CC6}.Debug|Any CPU.ActiveCfg = Debug|Any CPU
		{D00C8BED-9BE9-47FF-BB28-80FDC7227CC6}.Debug|Any CPU.Build.0 = Debug|Any CPU
		{D00C8BED-9BE9-47FF-BB28-80FDC7227CC6}.Debug|ARM.ActiveCfg = Debug|ARM
		{D00C8BED-9BE9-47FF-BB28-80FDC7227CC6}.Debug|ARM.Build.0 = Debug|ARM
		{D00C8BED-9BE9-47FF-BB28-80FDC7227CC6}.Debug|x86.ActiveCfg = Debug|x86
		{D00C8BED-9BE9-47FF-BB28-80FDC7227CC6}.Debug|x86.Build.0 = Debug|x86
		{D00C8BED-9BE9-47FF-BB28-80FDC7227CC6}.Release|Any CPU.ActiveCfg = Release|Any CPU
		{D00C8BED-9BE9-47FF-BB28-80FDC7227CC6}.Release|Any CPU.Build.0 = Release|Any CPU
		{D00C8BED-9BE9-47FF-BB28-80FDC7227CC6}.Release|ARM.ActiveCfg = Release|ARM
		{D00C8BED-9BE9-47FF-BB28-80FDC7227CC6}.Release|ARM.Build.0 = Release|ARM
		{D00C8BED-9BE9-47FF-BB28-80FDC7227CC6}.Release|x86.ActiveCfg = Release|x86
		{D00C8BED-9BE9-47FF-BB28-80FDC7227CC6}.Release|x86.Build.0 = Release|x86
		{7F6C5A7D-9B6F-4F8D-8079-F6B3422B2ED6}.Debug|Any CPU.ActiveCfg = Debug|Any CPU
		{7F6C5A7D-9B6F-4F8D-8079-F6B3422B2ED6}.Debug|Any CPU.Build.0 = Debug|Any CPU
		{7F6C5A7D-9B6F-4F8D-8079-F6B3422B2ED6}.Debug|ARM.ActiveCfg = Debug|ARM
		{7F6C5A7D-9B6F-4F8D-8079-F6B3422B2ED6}.Debug|ARM.Build.0 = Debug|ARM
		{7F6C5A7D-9B6F-4F8D-8079-F6B3422B2ED6}.Debug|x86.ActiveCfg = Debug|x86
		{7F6C5A7D-9B6F-4F8D-8079-F6B3422B2ED6}.Debug|x86.Build.0 = Debug|x86
		{7F6C5A7D-9B6F-4F8D-8079-F6B3422B2ED6}.Release|Any CPU.ActiveCfg = Release|Any CPU
		{7F6C5A7D-9B6F-4F8D-8079-F6B3422B2ED6}.Release|Any CPU.Build.0 = Release|Any CPU
		{7F6C5A7D-9B6F-4F8D-8079-F6B3422B2ED6}.Release|ARM.ActiveCfg = Release|ARM
		{7F6C5A7D-9B6F-4F8D-8079-F6B3422B2ED6}.Release|ARM.Build.0 = Release|ARM
		{7F6C5A7D-9B6F-4F8D-8079-F6B3422B2ED6}.Release|x86.ActiveCfg = Release|x86
		{7F6C5A7D-9B6F-4F8D-8079-F6B3422B2ED6}.Release|x86.Build.0 = Release|x86
		{C73325D8-3CBB-4D76-80A4-BCFC1A63263A}.Debug|Any CPU.ActiveCfg = Debug|Any CPU
		{C73325D8-3CBB-4D76-80A4-BCFC1A63263A}.Debug|Any CPU.Build.0 = Debug|Any CPU
		{C73325D8-3CBB-4D76-80A4-BCFC1A63263A}.Debug|ARM.ActiveCfg = Debug|ARM
		{C73325D8-3CBB-4D76-80A4-BCFC1A63263A}.Debug|ARM.Build.0 = Debug|ARM
		{C73325D8-3CBB-4D76-80A4-BCFC1A63263A}.Debug|x86.ActiveCfg = Debug|x86
		{C73325D8-3CBB-4D76-80A4-BCFC1A63263A}.Debug|x86.Build.0 = Debug|x86
		{C73325D8-3CBB-4D76-80A4-BCFC1A63263A}.Release|Any CPU.ActiveCfg = Release|Any CPU
		{C73325D8-3CBB-4D76-80A4-BCFC1A63263A}.Release|Any CPU.Build.0 = Release|Any CPU
		{C73325D8-3CBB-4D76-80A4-BCFC1A63263A}.Release|ARM.ActiveCfg = Release|ARM
		{C73325D8-3CBB-4D76-80A4-BCFC1A63263A}.Release|ARM.Build.0 = Release|ARM
		{C73325D8-3CBB-4D76-80A4-BCFC1A63263A}.Release|x86.ActiveCfg = Release|x86
		{C73325D8-3CBB-4D76-80A4-BCFC1A63263A}.Release|x86.Build.0 = Release|x86
		{536E35B7-F3FF-4ABA-8C78-86E39E6C0B36}.Debug|Any CPU.ActiveCfg = Debug|Any CPU
		{536E35B7-F3FF-4ABA-8C78-86E39E6C0B36}.Debug|Any CPU.Build.0 = Debug|Any CPU
		{536E35B7-F3FF-4ABA-8C78-86E39E6C0B36}.Debug|ARM.ActiveCfg = Debug|ARM
		{536E35B7-F3FF-4ABA-8C78-86E39E6C0B36}.Debug|ARM.Build.0 = Debug|ARM
		{536E35B7-F3FF-4ABA-8C78-86E39E6C0B36}.Debug|x86.ActiveCfg = Debug|x86
		{536E35B7-F3FF-4ABA-8C78-86E39E6C0B36}.Debug|x86.Build.0 = Debug|x86
		{536E35B7-F3FF-4ABA-8C78-86E39E6C0B36}.Release|Any CPU.ActiveCfg = Release|Any CPU
		{536E35B7-F3FF-4ABA-8C78-86E39E6C0B36}.Release|Any CPU.Build.0 = Release|Any CPU
		{536E35B7-F3FF-4ABA-8C78-86E39E6C0B36}.Release|ARM.ActiveCfg = Release|ARM
		{536E35B7-F3FF-4ABA-8C78-86E39E6C0B36}.Release|ARM.Build.0 = Release|ARM
		{536E35B7-F3FF-4ABA-8C78-86E39E6C0B36}.Release|x86.ActiveCfg = Release|x86
		{536E35B7-F3FF-4ABA-8C78-86E39E6C0B36}.Release|x86.Build.0 = Release|x86
	EndGlobalSection
	GlobalSection(SolutionProperties) = preSolution
		HideSolutionNode = FALSE
	EndGlobalSection
EndGlobal
